
Microsoft Visual Studio Solution File, Format Version 12.00
# Visual Studio 15
VisualStudioVersion = 15.0.26403.7
MinimumVisualStudioVersion = 10.0.40219.1
Project("{E24C65DC-7377-472B-9ABA-BC803B73C61A}") = "FourCornersWebsite", "..\", "{1EF56141-54A4-4338-B680-0A8ED044B1B9}"
	ProjectSection(WebsiteProperties) = preProject
		TargetFrameworkMoniker = ".NETFramework,Version%3Dv4.0"
		Debug.AspNetCompiler.VirtualPath = "/localhost_62424"
		Debug.AspNetCompiler.PhysicalPath = "..\..\..\..\Desktop\CSIT321 Project\FourCornersWebsite\"
		Debug.AspNetCompiler.TargetPath = "PrecompiledWeb\localhost_62424\"
		Debug.AspNetCompiler.Updateable = "true"
		Debug.AspNetCompiler.ForceOverwrite = "true"
		Debug.AspNetCompiler.FixedNames = "false"
		Debug.AspNetCompiler.Debug = "True"
		Release.AspNetCompiler.VirtualPath = "/localhost_62424"
		Release.AspNetCompiler.PhysicalPath = "..\..\..\..\Desktop\CSIT321 Project\FourCornersWebsite\"
		Release.AspNetCompiler.TargetPath = "PrecompiledWeb\localhost_62424\"
		Release.AspNetCompiler.Updateable = "true"
		Release.AspNetCompiler.ForceOverwrite = "true"
		Release.AspNetCompiler.FixedNames = "false"
		Release.AspNetCompiler.Debug = "False"
		VWDPort = "62424"
	EndProjectSection
EndProject
Global
	GlobalSection(SolutionConfigurationPlatforms) = preSolution
		Debug|Any CPU = Debug|Any CPU
	EndGlobalSection
	GlobalSection(ProjectConfigurationPlatforms) = postSolution
		{1EF56141-54A4-4338-B680-0A8ED044B1B9}.Debug|Any CPU.ActiveCfg = Debug|Any CPU
		{1EF56141-54A4-4338-B680-0A8ED044B1B9}.Debug|Any CPU.Build.0 = Debug|Any CPU
	EndGlobalSection
	GlobalSection(SolutionProperties) = preSolution
		HideSolutionNode = FALSE
	EndGlobalSection
EndGlobal
